
Microsoft Visual Studio Solution File, Format Version 12.00
# Visual Studio Version 17
VisualStudioVersion = 17.4.33213.308
MinimumVisualStudioVersion = 10.0.40219.1
Project("{9A19103F-16F7-4668-BE54-9A1E7A4F7556}") = "Simple-Order-System-APi", "Simple-Order-System-APi\Simple-Order-System-APi.csproj", "{8B73DF25-211B-4C95-AE20-E52423732401}"
EndProject
Project("{9A19103F-16F7-4668-BE54-9A1E7A4F7556}") = "Client", "Client\Client.csproj", "{FFEB6AAE-E52C-42EF-8AC9-8666A461D82A}"
EndProject
Global
	GlobalSection(SolutionConfigurationPlatforms) = preSolution
		Debug|Any CPU = Debug|Any CPU
		Release|Any CPU = Release|Any CPU
	EndGlobalSection
	GlobalSection(ProjectConfigurationPlatforms) = postSolution
		{8B73DF25-211B-4C95-AE20-E52423732401}.Debug|Any CPU.ActiveCfg = Debug|Any CPU
		{8B73DF25-211B-4C95-AE20-E52423732401}.Debug|Any CPU.Build.0 = Debug|Any CPU
		{8B73DF25-211B-4C95-AE20-E52423732401}.Release|Any CPU.ActiveCfg = Release|Any CPU
		{8B73DF25-211B-4C95-AE20-E52423732401}.Release|Any CPU.Build.0 = Release|Any CPU
		{FFEB6AAE-E52C-42EF-8AC9-8666A461D82A}.Debug|Any CPU.ActiveCfg = Debug|Any CPU
		{FFEB6AAE-E52C-42EF-8AC9-8666A461D82A}.Debug|Any CPU.Build.0 = Debug|Any CPU
		{FFEB6AAE-E52C-42EF-8AC9-8666A461D82A}.Release|Any CPU.ActiveCfg = Release|Any CPU
		{FFEB6AAE-E52C-42EF-8AC9-8666A461D82A}.Release|Any CPU.Build.0 = Release|Any CPU
	EndGlobalSection
	GlobalSection(SolutionProperties) = preSolution
		HideSolutionNode = FALSE
	EndGlobalSection
	GlobalSection(ExtensibilityGlobals) = postSolution
		SolutionGuid = {54ADF2BE-7319-4983-87B8-61343F2C2E30}
	EndGlobalSection
EndGlobal
